
Microsoft Visual Studio Solution File, Format Version 12.00
# Visual Studio 15
VisualStudioVersion = 15.0.28010.2041
MinimumVisualStudioVersion = 10.0.40219.1
Project("{FAE04EC0-301F-11D3-BF4B-00C04F79EFBC}") = "DataPAL.Pro", "DataPAL.Pro\DataPAL.Pro.csproj", "{310F0E16-5872-4F29-8C69-65B1EAC1D4FD}"
EndProject
Global
	GlobalSection(SolutionConfigurationPlatforms) = preSolution
		Debug|Any CPU = Debug|Any CPU
		Release|Any CPU = Release|Any CPU
	EndGlobalSection
	GlobalSection(ProjectConfigurationPlatforms) = postSolution
		{310F0E16-5872-4F29-8C69-65B1EAC1D4FD}.Debug|Any CPU.ActiveCfg = Debug|Any CPU
		{310F0E16-5872-4F29-8C69-65B1EAC1D4FD}.Debug|Any CPU.Build.0 = Debug|Any CPU
		{310F0E16-5872-4F29-8C69-65B1EAC1D4FD}.Release|Any CPU.ActiveCfg = Release|Any CPU
		{310F0E16-5872-4F29-8C69-65B1EAC1D4FD}.Release|Any CPU.Build.0 = Release|Any CPU
	EndGlobalSection
	GlobalSection(SolutionProperties) = preSolution
		HideSolutionNode = FALSE
	EndGlobalSection
	GlobalSection(ExtensibilityGlobals) = postSolution
		SolutionGuid = {59E059FE-2DF0-4D80-ADBC-4246E2893EFE}
	EndGlobalSection
EndGlobal
